
Microsoft Visual Studio Solution File, Format Version 12.00
# Visual Studio Version 17
VisualStudioVersion = 17.8.34511.84
MinimumVisualStudioVersion = 10.0.40219.1
Project("{FAE04EC0-301F-11D3-BF4B-00C04F79EFBC}") = "ChristmasDay3", "ChristmasDay3\ChristmasDay3.csproj", "{86359C53-C342-4FD6-BB8E-92321F136A12}"
EndProject
Global
	GlobalSection(SolutionConfigurationPlatforms) = preSolution
		Debug|Any CPU = Debug|Any CPU
		Release|Any CPU = Release|Any CPU
	EndGlobalSection
	GlobalSection(ProjectConfigurationPlatforms) = postSolution
		{86359C53-C342-4FD6-BB8E-92321F136A12}.Debug|Any CPU.ActiveCfg = Debug|Any CPU
		{86359C53-C342-4FD6-BB8E-92321F136A12}.Debug|Any CPU.Build.0 = Debug|Any CPU
		{86359C53-C342-4FD6-BB8E-92321F136A12}.Release|Any CPU.ActiveCfg = Release|Any CPU
		{86359C53-C342-4FD6-BB8E-92321F136A12}.Release|Any CPU.Build.0 = Release|Any CPU
	EndGlobalSection
	GlobalSection(SolutionProperties) = preSolution
		HideSolutionNode = FALSE
	EndGlobalSection
	GlobalSection(ExtensibilityGlobals) = postSolution
		SolutionGuid = {22D318E9-3DEB-4E99-872F-64EE269E2DD4}
	EndGlobalSection
EndGlobal
